PODS:
  - Alamofire (4.4.0)
  - AlamofireObjectMapper (4.1.0):
    - Alamofire (~> 4.1)
    - ObjectMapper (~> 2.0)
  - FontBlaster (3.0.2)
  - IGColorPicker (0.2.1):
    - M13Checkbox (~> 2.2.0)
  - Kingfisher (3.6.2)
  - KoalaTeaFlowLayout (0.2.1)
  - M13Checkbox (2.2.6)
  - NXDrawKit (0.5.0)
  - ObjectMapper (2.2.6)
  - Realm (2.7.0):
    - Realm/Headers (= 2.7.0)
  - Realm/Headers (2.7.0)
  - RealmSwift (2.7.0):
    - Realm (= 2.7.0)
  - Reusable (4.0.0):
    - Reusable/Storyboard (= 4.0.0)
    - Reusable/View (= 4.0.0)
  - Reusable/Storyboard (4.0.0)
  - Reusable/View (4.0.0)
  - SnapKit (3.2.0)
  - SwifterSwift (1.6.4)
  - SwiftyBeaver (1.2.2)
  - SwiftyJSON (3.1.4)
  - SwiftyStoreKit (0.8.6)
  - UIFontComplete (0.3.0)

DEPENDENCIES:
  - Alamofire (~> 4.0)
  - AlamofireObjectMapper (~> 4.0)
  - FontBlaster
  - IGColorPicker
  - Kingfisher (~> 3.0)
  - KoalaTeaFlowLayout
  - NXDrawKit
  - RealmSwift
  - Reusable
  - SnapKit
  - SwifterSwift
  - SwiftyBeaver
  - SwiftyJSON
  - SwiftyStoreKit
  - UIFontComplete

SPEC CHECKSUMS:
  Alamofire: dc44b1600b800eb63da6a19039a0083d62a6a62d
  AlamofireObjectMapper: 435adc82f5b367679bd9e71c4974a54efd0b2521
  FontBlaster: 6a34102ab08e18368683a99c2cee6247341121e0
  IGColorPicker: a6ed1bf42cccf9e260e24d33faec5263310b4cef
  Kingfisher: 2c94e72c6830622c71d06adf4ea024c37d316830
  KoalaTeaFlowLayout: e15286230f54eaf8dae0fceab780016931144311
  M13Checkbox: 9989b7e275f18493bd33b960dc68374c47d0027b
  NXDrawKit: f2bd368bc4bfbf4b353c13fc0d9a580b3ba10eaa
  ObjectMapper: '042708195cc46c20871cbcbec0453826398273fd'
  Realm: 07e5d3a9e0e41d65fd5f9f05150ed6295d0f093b
  RealmSwift: 6d06425d3900c86473c4f323bf6949b43fca22bc
  Reusable: 98e5fff1e0e2e00872199699b276dde08ee56c07
  SnapKit: 1ca44df72cfa543218d177cb8aab029d10d86ea7
  SwifterSwift: 92c73c47c3cbf7d5f788adf6459bf07b5d23d3fb
  SwiftyBeaver: 90a39e3dc5136b7285f2e4c870b107e3933b8b84
  SwiftyJSON: c2842d878f95482ffceec5709abc3d05680c0220
  SwiftyStoreKit: 3cd98b53dc4ab9fd33c1023a8eae38225ebae312
  UIFontComplete: c2d07f6728e7981dc9eaa8d62c413281999550e9

PODFILE CHECKSUM: 28c64ef9ddfa47d402a4dad31fa408c82c390044

COCOAPODS: 1.2.1
